# THIS IS AN AUTOGENERATED FILE. DO NOT EDIT THIS FILE DIRECTLY.
# yarn lockfile v1


wtfnode@^0.9.1:
  version "0.9.1"
  resolved "https://registry.yarnpkg.com/wtfnode/-/wtfnode-0.9.1.tgz#c385679d2df6fb4d64d734eeeaab767fcee3e0d3"
  integrity sha512-Ip6C2KeQPl/F3aP1EfOnPoQk14Udd9lffpoqWDNH3Xt78svxPbv53ngtmtfI0q2Te3oTq79XKTnRNXVIn/GsPA==
